
Microsoft Visual Studio Solution File, Format Version 12.00
# Visual Studio 15
VisualStudioVersion = 15.0.27004.2002
MinimumVisualStudioVersion = 10.0.40219.1
Project("{FAE04EC0-301F-11D3-BF4B-00C04F79EFBC}") = "Bank", "Bank\Bank.csproj", "{F23D1063-6AE0-4B3F-9DC3-86D995581C1F}"
EndProject
Project("{FAE04EC0-301F-11D3-BF4B-00C04F79EFBC}") = "Bank.Services", "Bank.Services\Bank.Services.csproj", "{7625A881-2801-4A17-A8D1-3FAAE615FD65}"
EndProject
Project("{FAE04EC0-301F-11D3-BF4B-00C04F79EFBC}") = "Bank.Models", "Bank.Models\Bank.Models.csproj", "{0CE2D284-2D17-4D3F-8E72-C06787A64431}"
EndProject
Project("{FAE04EC0-301F-11D3-BF4B-00C04F79EFBC}") = "Bank.Web", "Bank.Web\Bank.Web.csproj", "{B2DE8A1B-193F-4038-ABDB-2C86ACF1C5C3}"
EndProject
Project("{2150E333-8FDC-42A3-9474-1A3956D46DE8}") = "Solution Items", "Solution Items", "{51CF9277-AAB1-436D-B480-9492D7351BC6}"
	ProjectSection(SolutionItems) = preProject
		Performance1.psess = Performance1.psess
	EndProjectSection
EndProject
Global
	GlobalSection(Performance) = preSolution
		HasPerformanceSessions = true
	EndGlobalSection
	GlobalSection(SolutionConfigurationPlatforms) = preSolution
		Debug|Any CPU = Debug|Any CPU
		Release|Any CPU = Release|Any CPU
	EndGlobalSection
	GlobalSection(ProjectConfigurationPlatforms) = postSolution
		{F23D1063-6AE0-4B3F-9DC3-86D995581C1F}.Debug|Any CPU.ActiveCfg = Debug|Any CPU
		{F23D1063-6AE0-4B3F-9DC3-86D995581C1F}.Debug|Any CPU.Build.0 = Debug|Any CPU
		{F23D1063-6AE0-4B3F-9DC3-86D995581C1F}.Release|Any CPU.ActiveCfg = Release|Any CPU
		{F23D1063-6AE0-4B3F-9DC3-86D995581C1F}.Release|Any CPU.Build.0 = Release|Any CPU
		{7625A881-2801-4A17-A8D1-3FAAE615FD65}.Debug|Any CPU.ActiveCfg = Debug|Any CPU
		{7625A881-2801-4A17-A8D1-3FAAE615FD65}.Debug|Any CPU.Build.0 = Debug|Any CPU
		{7625A881-2801-4A17-A8D1-3FAAE615FD65}.Release|Any CPU.ActiveCfg = Release|Any CPU
		{7625A881-2801-4A17-A8D1-3FAAE615FD65}.Release|Any CPU.Build.0 = Release|Any CPU
		{0CE2D284-2D17-4D3F-8E72-C06787A64431}.Debug|Any CPU.ActiveCfg = Debug|Any CPU
		{0CE2D284-2D17-4D3F-8E72-C06787A64431}.Debug|Any CPU.Build.0 = Debug|Any CPU
		{0CE2D284-2D17-4D3F-8E72-C06787A64431}.Release|Any CPU.ActiveCfg = Release|Any CPU
		{0CE2D284-2D17-4D3F-8E72-C06787A64431}.Release|Any CPU.Build.0 = Release|Any CPU
		{B2DE8A1B-193F-4038-ABDB-2C86ACF1C5C3}.Debug|Any CPU.ActiveCfg = Debug|Any CPU
		{B2DE8A1B-193F-4038-ABDB-2C86ACF1C5C3}.Debug|Any CPU.Build.0 = Debug|Any CPU
		{B2DE8A1B-193F-4038-ABDB-2C86ACF1C5C3}.Release|Any CPU.ActiveCfg = Release|Any CPU
		{B2DE8A1B-193F-4038-ABDB-2C86ACF1C5C3}.Release|Any CPU.Build.0 = Release|Any CPU
	EndGlobalSection
	GlobalSection(SolutionProperties) = preSolution
		HideSolutionNode = FALSE
	EndGlobalSection
	GlobalSection(ExtensibilityGlobals) = postSolution
		SolutionGuid = {FCF07B68-5DA1-40B9-B6EA-13D355E1A9DF}
	EndGlobalSection
EndGlobal
